PODS:
  - Flutter (1.0.0)
  - geolocator_apple (1.0.0):
    - Flutter
  - naver_map_plugin (0.9.4):
    - Flutter
    - NMapsMap
  - NMapsMap (3.13.0)

DEPENDENCIES:
  - Flutter (from `Flutter`)
  - geolocator_apple (from `.symlinks/plugins/geolocator_apple/ios`)
  - naver_map_plugin (from `.symlinks/plugins/naver_map_plugin/ios`)

SPEC REPOS:
  trunk:
    - NMapsMap

EXTERNAL SOURCES:
  Flutter:
    :path: Flutter
  geolocator_apple:
    :path: ".symlinks/plugins/geolocator_apple/ios"
  naver_map_plugin:
    :path: ".symlinks/plugins/naver_map_plugin/ios"

SPEC CHECKSUMS:
  Flutter: 434fef37c0980e73bb6479ef766c45957d4b510c
  geolocator_apple: 60a1c3f5930c090d2f5164ba8bf25f4f89121e3c
  naver_map_plugin: d1d67733c56b20b88270d9da51218e18fa916232
  NMapsMap: 88b5bdac7087bfa99ab058ff5cdd95fb766e0e95

PODFILE CHECKSUM: aafe91acc616949ddb318b77800a7f51bffa2a4c

COCOAPODS: 1.10.1
